
Microsoft Visual Studio Solution File, Format Version 12.00
# Visual Studio 15
VisualStudioVersion = 15.0.28010.2016
MinimumVisualStudioVersion = 10.0.40219.1
Project("{FAE04EC0-301F-11D3-BF4B-00C04F79EFBC}") = "BSUproj", "BSUproj\BSUproj.csproj", "{2F888E7A-440F-4BC9-A039-7F9F8868A1B8}"
EndProject
Project("{FAE04EC0-301F-11D3-BF4B-00C04F79EFBC}") = "Students", "Students\Students.csproj", "{443EE4D4-FD14-49CF-AF79-CC142BF81823}"
EndProject
Global
	GlobalSection(SolutionConfigurationPlatforms) = preSolution
		Debug|Any CPU = Debug|Any CPU
		Release|Any CPU = Release|Any CPU
	EndGlobalSection
	GlobalSection(ProjectConfigurationPlatforms) = postSolution
		{2F888E7A-440F-4BC9-A039-7F9F8868A1B8}.Debug|Any CPU.ActiveCfg = Debug|Any CPU
		{2F888E7A-440F-4BC9-A039-7F9F8868A1B8}.Debug|Any CPU.Build.0 = Debug|Any CPU
		{2F888E7A-440F-4BC9-A039-7F9F8868A1B8}.Release|Any CPU.ActiveCfg = Release|Any CPU
		{2F888E7A-440F-4BC9-A039-7F9F8868A1B8}.Release|Any CPU.Build.0 = Release|Any CPU
		{443EE4D4-FD14-49CF-AF79-CC142BF81823}.Debug|Any CPU.ActiveCfg = Debug|Any CPU
		{443EE4D4-FD14-49CF-AF79-CC142BF81823}.Debug|Any CPU.Build.0 = Debug|Any CPU
		{443EE4D4-FD14-49CF-AF79-CC142BF81823}.Release|Any CPU.ActiveCfg = Release|Any CPU
		{443EE4D4-FD14-49CF-AF79-CC142BF81823}.Release|Any CPU.Build.0 = Release|Any CPU
	EndGlobalSection
	GlobalSection(SolutionProperties) = preSolution
		HideSolutionNode = FALSE
	EndGlobalSection
	GlobalSection(ExtensibilityGlobals) = postSolution
		SolutionGuid = {D5FE80BE-CB6B-4471-A180-1D65FCE1725F}
	EndGlobalSection
EndGlobal
